
Microsoft Visual Studio Solution File, Format Version 12.00
# Visual Studio Version 16
VisualStudioVersion = 16.0.29230.47
MinimumVisualStudioVersion = 10.0.40219.1
Project("{8BC9CEB8-8B4A-11D0-8D11-00A0C91BC942}") = "Приближенный двоичный поиск", "Приближенный двоичный поиск\Приближенный двоичный поиск.vcxproj", "{618BBB07-6BDA-4A6F-A0B5-325CD35020FB}"
EndProject
Project("{8BC9CEB8-8B4A-11D0-8D11-00A0C91BC942}") = "Сложность двоичного поиска", "Сложность двоичного поиска\Сложность двоичного поиска.vcxproj", "{75A35258-9E05-48AF-89CF-4E0F0FD84100}"
EndProject
Project("{8BC9CEB8-8B4A-11D0-8D11-00A0C91BC942}") = "Двоичный поиск", "Двоичный поиск\Двоичный поиск.vcxproj", "{1A04B2E3-4975-4305-AE9A-40CDADF424EF}"
EndProject
Project("{8BC9CEB8-8B4A-11D0-8D11-00A0C91BC942}") = "Левый и правый двоичный поиск", "Левый и правый двоичный поиск\Левый и правый двоичный поиск.vcxproj", "{A483922D-252C-422C-965F-B01AE84E41C0}"
EndProject
Project("{8BC9CEB8-8B4A-11D0-8D11-00A0C91BC942}") = "BST", "BST\BST.vcxproj", "{47157469-A8A3-42C9-874C-D57EFF8F7F50}"
EndProject
Project("{8BC9CEB8-8B4A-11D0-8D11-00A0C91BC942}") = "Problem B. Another one easy BST problem", "Problem B. Another one easy BST problem\Problem B. Another one easy BST problem.vcxproj", "{F58767CC-2E59-4CBF-BD59-37CB3727EA38}"
EndProject
Project("{8BC9CEB8-8B4A-11D0-8D11-00A0C91BC942}") = "Merge sort", "Merge sort\Merge sort.vcxproj", "{14B84061-F85B-426A-91C5-EC96954F5C3D}"
EndProject
Project("{8BC9CEB8-8B4A-11D0-8D11-00A0C91BC942}") = "MinHeap sort", "Heap sort\Heap sort.vcxproj", "{D93078D2-B542-4B9C-B7A5-4236A84581D0}"
EndProject
Project("{8BC9CEB8-8B4A-11D0-8D11-00A0C91BC942}") = "MaxHeap Sort", "MaxHeap Sort\MaxHeap Sort.vcxproj", "{5693B010-66E5-4AFE-ADC5-3AD71EA2B476}"
EndProject
Project("{8BC9CEB8-8B4A-11D0-8D11-00A0C91BC942}") = "Problem C. Simple Merge", "Problem C. Simple Merge\Problem C. Simple Merge.vcxproj", "{9823814F-315F-45B7-8BB4-B358E9FDE98F}"
EndProject
Project("{8BC9CEB8-8B4A-11D0-8D11-00A0C91BC942}") = "Циклический сдвиг", "Циклический сдвиг\Циклический сдвиг.vcxproj", "{16BA6875-A3A9-4DB1-AC72-765224A93E74}"
EndProject
Project("{8BC9CEB8-8B4A-11D0-8D11-00A0C91BC942}") = "PrefixSuffix", "PrefixSuffix\PrefixSuffix.vcxproj", "{03698748-2813-4676-B9E7-C5A5C5D9947E}"
EndProject
Project("{8BC9CEB8-8B4A-11D0-8D11-00A0C91BC942}") = "Periodic Strings", "Periodic Strings\Periodic Strings.vcxproj", "{52024BDF-22D5-49A2-9C5F-CD6785F6E9CA}"
EndProject
Project("{8BC9CEB8-8B4A-11D0-8D11-00A0C91BC942}") = "Поиск подстроки", "Поиск подстроки\Поиск подстроки.vcxproj", "{EA940730-952B-4709-A272-73748E5C1486}"
EndProject
Project("{8BC9CEB8-8B4A-11D0-8D11-00A0C91BC942}") = "Строчки", "Строчки\Строчки.vcxproj", "{BF37C4E3-035A-4E95-81D8-9113B66C328C}"
EndProject
Project("{8BC9CEB8-8B4A-11D0-8D11-00A0C91BC942}") = "Hash", "Hash\Hash.vcxproj", "{2CBDAF92-AD92-4171-89A8-64830CB9D0C8}"
EndProject
Project("{8BC9CEB8-8B4A-11D0-8D11-00A0C91BC942}") = "Подсчёт числа вхождений каждого префикса", "Подсчёт числа вхождений каждого префикса\Подсчёт числа вхождений каждого префикса.vcxproj", "{7B285650-B764-4100-91D1-736985B39153}"
EndProject
Project("{8BC9CEB8-8B4A-11D0-8D11-00A0C91BC942}") = "Количество различных подстрок в строке", "Количество различных подстрок в строке\Количество различных подстрок в строке.vcxproj", "{D69A6923-01B2-4D06-95AC-F97D07397E78}"
EndProject
Project("{8BC9CEB8-8B4A-11D0-8D11-00A0C91BC942}") = "EasyHash", "EasyHash\EasyHash.vcxproj", "{F15B1FDB-CC1B-456E-A258-D407A15994EB}"
EndProject
Project("{8BC9CEB8-8B4A-11D0-8D11-00A0C91BC942}") = "Trie", "Trie\Trie.vcxproj", "{2C64BD21-BBAF-4172-AA3E-366E351E0446}"
EndProject
Project("{8BC9CEB8-8B4A-11D0-8D11-00A0C91BC942}") = "Substrings", "Substrings\Substrings.vcxproj", "{472A7BEB-A1EF-4A8A-AC44-62FB0599AD5D}"
EndProject
Project("{8BC9CEB8-8B4A-11D0-8D11-00A0C91BC942}") = "Substr", "Substr\Substr.vcxproj", "{085D7613-CC8A-4108-9904-92ED9EBD3667}"
EndProject
Project("{8BC9CEB8-8B4A-11D0-8D11-00A0C91BC942}") = "counts the common unique substrings", "counts the common unique substrings\counts the common unique substrings.vcxproj", "{DFBBA365-954E-499B-A5A6-4C521B6E3B3D}"
EndProject
Project("{8BC9CEB8-8B4A-11D0-8D11-00A0C91BC942}") = "Suffix-Prefix equality", "Suffix-Prefix equality\Suffix-Prefix equality.vcxproj", "{DFE1398B-403C-43F1-9EAA-8C09720BEBE6}"
EndProject
Project("{8BC9CEB8-8B4A-11D0-8D11-00A0C91BC942}") = "A", "A\A.vcxproj", "{87CB258F-E874-480F-A3DB-6981D36DF4A8}"
EndProject
Project("{8BC9CEB8-8B4A-11D0-8D11-00A0C91BC942}") = "B", "B\B.vcxproj", "{0F17A645-CC24-46FB-819A-EA219DC61E53}"
EndProject
Project("{8BC9CEB8-8B4A-11D0-8D11-00A0C91BC942}") = "C", "C\C.vcxproj", "{79751AC6-6F1C-43D2-95E4-27A2E3655657}"
EndProject
Project("{8BC9CEB8-8B4A-11D0-8D11-00A0C91BC942}") = "D", "D\D.vcxproj", "{81C69FE6-C9B5-458D-9D29-0FCC859878CE}"
EndProject
Project("{8BC9CEB8-8B4A-11D0-8D11-00A0C91BC942}") = "Queue", "..\..\..\Documents\Week1\1.Queue\1.Queue.vcxproj", "{9FE87ADD-1533-4233-8854-0BAB482F9FC8}"
EndProject
Project("{8BC9CEB8-8B4A-11D0-8D11-00A0C91BC942}") = "Stack", "..\..\..\Documents\Week1\2.Stack\2.Stack.vcxproj", "{E5D259D9-4C0F-468F-97D6-22C43C2E3DAF}"
EndProject
Project("{8BC9CEB8-8B4A-11D0-8D11-00A0C91BC942}") = "LinkedList", "..\..\..\Documents\Week1\3.LinkedList\3.LinkedList.vcxproj", "{CF33EFB1-AAA8-463A-B312-A89E9D3E5A30}"
EndProject
Project("{8BC9CEB8-8B4A-11D0-8D11-00A0C91BC942}") = "Reverse", "..\..\..\Documents\Week1\3.Reverse\3.Reverse.vcxproj", "{37EF1D17-651E-4A50-94F5-4CBD491162A6}"
EndProject
Project("{8BC9CEB8-8B4A-11D0-8D11-00A0C91BC942}") = "GCD", "..\..\..\Documents\Week1\GCD\GCD.vcxproj", "{2B834D62-062F-404B-9149-40AD2151087E}"
EndProject
Project("{8BC9CEB8-8B4A-11D0-8D11-00A0C91BC942}") = "LCM", "..\..\..\Documents\Week1\LCM\LCM.vcxproj", "{EA6A5CC9-0FF7-4349-A8DD-14CAAE5C10D9}"
EndProject
Project("{8BC9CEB8-8B4A-11D0-8D11-00A0C91BC942}") = "BinarySearch", "..\..\..\Documents\Week1\BinarySearch\BinarySearch.vcxproj", "{EAC86512-D9BF-441B-AC64-498E8772778B}"
EndProject
Project("{8BC9CEB8-8B4A-11D0-8D11-00A0C91BC942}") = "ClosestNumber", "..\..\..\Documents\Week1\ClosestNumber\ClosestNumber.vcxproj", "{533754EF-A58D-44F0-8F04-0B0E112033D2}"
EndProject
Project("{8BC9CEB8-8B4A-11D0-8D11-00A0C91BC942}") = "CountOfPrimes", "..\..\..\Documents\Week1\CountOfPrimes\CountOfPrimes.vcxproj", "{E982729F-A517-4B64-A921-13B4A5D077CA}"
EndProject
Project("{8BC9CEB8-8B4A-11D0-8D11-00A0C91BC942}") = "Fibonacci", "..\..\..\Documents\Week1\Fibonacci\Fibonacci.vcxproj", "{B3EF7CAF-885F-4CBC-8C0D-C8DB5CA8EC7F}"
EndProject
Project("{8BC9CEB8-8B4A-11D0-8D11-00A0C91BC942}") = "MaxElement", "..\..\..\Documents\Week1\MaxElement\MaxElement.vcxproj", "{44FB289F-0A40-4E38-A05D-D14C23E8C742}"
EndProject
Project("{8BC9CEB8-8B4A-11D0-8D11-00A0C91BC942}") = "MinElements", "..\..\..\Documents\Week1\MinElements\MinElements.vcxproj", "{E12C55F3-21C3-4837-A540-03F4ED0C39C5}"
EndProject
Project("{8BC9CEB8-8B4A-11D0-8D11-00A0C91BC942}") = "Nearest", "..\..\..\Documents\Week1\Nearest\Nearest.vcxproj", "{F98B01FB-7851-4DF2-AD9F-C7E072BCAC90}"
EndProject
Project("{8BC9CEB8-8B4A-11D0-8D11-00A0C91BC942}") = "PowerOfNumber", "..\..\..\Documents\Week1\PowerOfNumber\PowerOfNumber.vcxproj", "{1C26AC76-B87D-443B-B231-1936ED4BD63F}"
EndProject
Project("{8BC9CEB8-8B4A-11D0-8D11-00A0C91BC942}") = "ReshetoErotosfena", "..\..\..\Documents\Week1\ReshetoErotosfena\ReshetoErotosfena.vcxproj", "{D315CBB0-7BB7-4F63-9F3E-DF87E6505329}"
EndProject
Project("{8BC9CEB8-8B4A-11D0-8D11-00A0C91BC942}") = "SearchIndexes", "..\..\..\Documents\Week1\SearchIndexes\SearchIndexes.vcxproj", "{335E2EE0-38AA-47BB-937D-2F14ED6DA3B1}"
EndProject
Project("{8BC9CEB8-8B4A-11D0-8D11-00A0C91BC942}") = "SumOfPrimes", "..\..\..\Documents\Week1\SumOfPrimes\SumOfPrimes.vcxproj", "{BE27A209-95CB-450B-B3B9-2959D581F4CD}"
EndProject
Project("{8BC9CEB8-8B4A-11D0-8D11-00A0C91BC942}") = "TeamPlay", "..\..\..\Documents\Week1\TeamPlay\TeamPlay.vcxproj", "{1850494F-01D2-4CA2-B727-5FF29F0C4428}"
EndProject
Project("{8BC9CEB8-8B4A-11D0-8D11-00A0C91BC942}") = "UnderTheRoot", "..\..\..\Documents\Week1\UnderTheRoot\UnderTheRoot.vcxproj", "{5CA5F68F-F5F0-40DC-BCBE-353121CB2ED0}"
EndProject
Project("{8BC9CEB8-8B4A-11D0-8D11-00A0C91BC942}") = "Matrice", "Matrice\Matrice.vcxproj", "{3B063633-A8B9-4EC1-A841-2DE3F226F250}"
EndProject
Project("{8BC9CEB8-8B4A-11D0-8D11-00A0C91BC942}") = "Matrice2", "Matrice2\Matrice2.vcxproj", "{F552397D-8186-42F0-B24D-754AF6606F3A}"
EndProject
Project("{8BC9CEB8-8B4A-11D0-8D11-00A0C91BC942}") = "BFS", "BFS\BFS.vcxproj", "{EAA80CB9-C227-490B-84B5-E1BF33C92AC2}"
EndProject
Project("{8BC9CEB8-8B4A-11D0-8D11-00A0C91BC942}") = "Mario", "Mario\Mario.vcxproj", "{0E1BF94A-9E3B-4447-97D7-1790C368FEBA}"
EndProject
Project("{8BC9CEB8-8B4A-11D0-8D11-00A0C91BC942}") = "Password", "Password\Password.vcxproj", "{F63E78F9-9669-4E3A-A453-B2D6C778CD5A}"
EndProject
Project("{8BC9CEB8-8B4A-11D0-8D11-00A0C91BC942}") = "Mountains", "Mountains\Mountains.vcxproj", "{DCAF54A5-CF7B-4444-98AA-D9816520FAA1}"
EndProject
Project("{8BC9CEB8-8B4A-11D0-8D11-00A0C91BC942}") = "Find Prefi", "Find Prefi\Find Prefi.vcxproj", "{F1E40AAF-C138-45E8-8757-B92B6AEA3FF5}"
EndProject
Project("{8BC9CEB8-8B4A-11D0-8D11-00A0C91BC942}") = "Facebook", "Facebook\Facebook.vcxproj", "{8EC8F68B-6A94-42EB-B580-FB3802B903C6}"
EndProject
Project("{8BC9CEB8-8B4A-11D0-8D11-00A0C91BC942}") = "DFS", "DFS\DFS.vcxproj", "{51A42B4E-372D-46A4-8727-591F679D0037}"
EndProject
Project("{8BC9CEB8-8B4A-11D0-8D11-00A0C91BC942}") = "quizA", "quizA\quizA.vcxproj", "{72ECC4E6-26DB-473A-8308-02D84C5996C4}"
EndProject
Project("{8BC9CEB8-8B4A-11D0-8D11-00A0C91BC942}") = "quizB", "quizB\quizB.vcxproj", "{57B38290-EB2E-4F67-830C-3A166A9013B2}"
EndProject
Project("{8BC9CEB8-8B4A-11D0-8D11-00A0C91BC942}") = "quizC", "quizC\quizC.vcxproj", "{0C8F51BE-0DB5-437C-AA29-FDA3FB236597}"
EndProject
Project("{8BC9CEB8-8B4A-11D0-8D11-00A0C91BC942}") = "quizI", "quizD\quizD.vcxproj", "{186A4D50-977B-44D1-8C6B-B6CB55CE1881}"
EndProject
Project("{8BC9CEB8-8B4A-11D0-8D11-00A0C91BC942}") = "quizH", "quizH\quizH.vcxproj", "{CFC35B67-3A4F-4C65-887A-4D2A0729689B}"
EndProject
Project("{8BC9CEB8-8B4A-11D0-8D11-00A0C91BC942}") = "J", "J\J.vcxproj", "{563C8B18-1B3D-4E10-9831-03AD76923B7D}"
EndProject
Global
	GlobalSection(SolutionConfigurationPlatforms) = preSolution
		Debug|Any CPU = Debug|Any CPU
		Debug|x64 = Debug|x64
		Debug|x86 = Debug|x86
		Release|Any CPU = Release|Any CPU
		Release|x64 = Release|x64
		Release|x86 = Release|x86
	EndGlobalSection
	GlobalSection(ProjectConfigurationPlatforms) = postSolution
		{618BBB07-6BDA-4A6F-A0B5-325CD35020FB}.Debug|Any CPU.ActiveCfg = Debug|Win32
		{618BBB07-6BDA-4A6F-A0B5-325CD35020FB}.Debug|x64.ActiveCfg = Debug|x64
		{618BBB07-6BDA-4A6F-A0B5-325CD35020FB}.Debug|x64.Build.0 = Debug|x64
		{618BBB07-6BDA-4A6F-A0B5-325CD35020FB}.Debug|x86.ActiveCfg = Debug|Win32
		{618BBB07-6BDA-4A6F-A0B5-325CD35020FB}.Debug|x86.Build.0 = Debug|Win32
		{618BBB07-6BDA-4A6F-A0B5-325CD35020FB}.Release|Any CPU.ActiveCfg = Release|Win32
		{618BBB07-6BDA-4A6F-A0B5-325CD35020FB}.Release|x64.ActiveCfg = Release|x64
		{618BBB07-6BDA-4A6F-A0B5-325CD35020FB}.Release|x64.Build.0 = Release|x64
		{618BBB07-6BDA-4A6F-A0B5-325CD35020FB}.Release|x86.ActiveCfg = Release|Win32
		{618BBB07-6BDA-4A6F-A0B5-325CD35020FB}.Release|x86.Build.0 = Release|Win32
		{75A35258-9E05-48AF-89CF-4E0F0FD84100}.Debug|Any CPU.ActiveCfg = Debug|Win32
		{75A35258-9E05-48AF-89CF-4E0F0FD84100}.Debug|x64.ActiveCfg = Debug|x64
		{75A35258-9E05-48AF-89CF-4E0F0FD84100}.Debug|x64.Build.0 = Debug|x64
		{75A35258-9E05-48AF-89CF-4E0F0FD84100}.Debug|x86.ActiveCfg = Debug|Win32
		{75A35258-9E05-48AF-89CF-4E0F0FD84100}.Debug|x86.Build.0 = Debug|Win32
		{75A35258-9E05-48AF-89CF-4E0F0FD84100}.Release|Any CPU.ActiveCfg = Release|Win32
		{75A35258-9E05-48AF-89CF-4E0F0FD84100}.Release|x64.ActiveCfg = Release|x64
		{75A35258-9E05-48AF-89CF-4E0F0FD84100}.Release|x64.Build.0 = Release|x64
		{75A35258-9E05-48AF-89CF-4E0F0FD84100}.Release|x86.ActiveCfg = Release|Win32
		{75A35258-9E05-48AF-89CF-4E0F0FD84100}.Release|x86.Build.0 = Release|Win32
		{1A04B2E3-4975-4305-AE9A-40CDADF424EF}.Debug|Any CPU.ActiveCfg = Debug|Win32
		{1A04B2E3-4975-4305-AE9A-40CDADF424EF}.Debug|x64.ActiveCfg = Debug|x64
		{1A04B2E3-4975-4305-AE9A-40CDADF424EF}.Debug|x64.Build.0 = Debug|x64
		{1A04B2E3-4975-4305-AE9A-40CDADF424EF}.Debug|x86.ActiveCfg = Debug|Win32
		{1A04B2E3-4975-4305-AE9A-40CDADF424EF}.Debug|x86.Build.0 = Debug|Win32
		{1A04B2E3-4975-4305-AE9A-40CDADF424EF}.Release|Any CPU.ActiveCfg = Release|Win32
		{1A04B2E3-4975-4305-AE9A-40CDADF424EF}.Release|x64.ActiveCfg = Release|x64
		{1A04B2E3-4975-4305-AE9A-40CDADF424EF}.Release|x64.Build.0 = Release|x64
		{1A04B2E3-4975-4305-AE9A-40CDADF424EF}.Release|x86.ActiveCfg = Release|Win32
		{1A04B2E3-4975-4305-AE9A-40CDADF424EF}.Release|x86.Build.0 = Release|Win32
		{A483922D-252C-422C-965F-B01AE84E41C0}.Debug|Any CPU.ActiveCfg = Debug|Win32
		{A483922D-252C-422C-965F-B01AE84E41C0}.Debug|x64.ActiveCfg = Debug|x64
		{A483922D-252C-422C-965F-B01AE84E41C0}.Debug|x64.Build.0 = Debug|x64
		{A483922D-252C-422C-965F-B01AE84E41C0}.Debug|x86.ActiveCfg = Debug|Win32
		{A483922D-252C-422C-965F-B01AE84E41C0}.Debug|x86.Build.0 = Debug|Win32
		{A483922D-252C-422C-965F-B01AE84E41C0}.Release|Any CPU.ActiveCfg = Release|Win32
		{A483922D-252C-422C-965F-B01AE84E41C0}.Release|x64.ActiveCfg = Release|x64
		{A483922D-252C-422C-965F-B01AE84E41C0}.Release|x64.Build.0 = Release|x64
		{A483922D-252C-422C-965F-B01AE84E41C0}.Release|x86.ActiveCfg = Release|Win32
		{A483922D-252C-422C-965F-B01AE84E41C0}.Release|x86.Build.0 = Release|Win32
		{47157469-A8A3-42C9-874C-D57EFF8F7F50}.Debug|Any CPU.ActiveCfg = Debug|Win32
		{47157469-A8A3-42C9-874C-D57EFF8F7F50}.Debug|x64.ActiveCfg = Debug|x64
		{47157469-A8A3-42C9-874C-D57EFF8F7F50}.Debug|x64.Build.0 = Debug|x64
		{47157469-A8A3-42C9-874C-D57EFF8F7F50}.Debug|x86.ActiveCfg = Debug|Win32
		{47157469-A8A3-42C9-874C-D57EFF8F7F50}.Debug|x86.Build.0 = Debug|Win32
		{47157469-A8A3-42C9-874C-D57EFF8F7F50}.Release|Any CPU.ActiveCfg = Release|Win32
		{47157469-A8A3-42C9-874C-D57EFF8F7F50}.Release|x64.ActiveCfg = Release|x64
		{47157469-A8A3-42C9-874C-D57EFF8F7F50}.Release|x64.Build.0 = Release|x64
		{47157469-A8A3-42C9-874C-D57EFF8F7F50}.Release|x86.ActiveCfg = Release|Win32
		{47157469-A8A3-42C9-874C-D57EFF8F7F50}.Release|x86.Build.0 = Release|Win32
		{F58767CC-2E59-4CBF-BD59-37CB3727EA38}.Debug|Any CPU.ActiveCfg = Debug|Win32
		{F58767CC-2E59-4CBF-BD59-37CB3727EA38}.Debug|x64.ActiveCfg = Debug|x64
		{F58767CC-2E59-4CBF-BD59-37CB3727EA38}.Debug|x64.Build.0 = Debug|x64
		{F58767CC-2E59-4CBF-BD59-37CB3727EA38}.Debug|x86.ActiveCfg = Debug|Win32
		{F58767CC-2E59-4CBF-BD59-37CB3727EA38}.Debug|x86.Build.0 = Debug|Win32
		{F58767CC-2E59-4CBF-BD59-37CB3727EA38}.Release|Any CPU.ActiveCfg = Release|Win32
		{F58767CC-2E59-4CBF-BD59-37CB3727EA38}.Release|x64.ActiveCfg = Release|x64
		{F58767CC-2E59-4CBF-BD59-37CB3727EA38}.Release|x64.Build.0 = Release|x64
		{F58767CC-2E59-4CBF-BD59-37CB3727EA38}.Release|x86.ActiveCfg = Release|Win32
		{F58767CC-2E59-4CBF-BD59-37CB3727EA38}.Release|x86.Build.0 = Release|Win32
		{14B84061-F85B-426A-91C5-EC96954F5C3D}.Debug|Any CPU.ActiveCfg = Debug|Win32
		{14B84061-F85B-426A-91C5-EC96954F5C3D}.Debug|x64.ActiveCfg = Debug|x64
		{14B84061-F85B-426A-91C5-EC96954F5C3D}.Debug|x64.Build.0 = Debug|x64
		{14B84061-F85B-426A-91C5-EC96954F5C3D}.Debug|x86.ActiveCfg = Debug|Win32
		{14B84061-F85B-426A-91C5-EC96954F5C3D}.Debug|x86.Build.0 = Debug|Win32
		{14B84061-F85B-426A-91C5-EC96954F5C3D}.Release|Any CPU.ActiveCfg = Release|Win32
		{14B84061-F85B-426A-91C5-EC96954F5C3D}.Release|x64.ActiveCfg = Release|x64
		{14B84061-F85B-426A-91C5-EC96954F5C3D}.Release|x64.Build.0 = Release|x64
		{14B84061-F85B-426A-91C5-EC96954F5C3D}.Release|x86.ActiveCfg = Release|Win32
		{14B84061-F85B-426A-91C5-EC96954F5C3D}.Release|x86.Build.0 = Release|Win32
		{D93078D2-B542-4B9C-B7A5-4236A84581D0}.Debug|Any CPU.ActiveCfg = Debug|Win32
		{D93078D2-B542-4B9C-B7A5-4236A84581D0}.Debug|x64.ActiveCfg = Debug|x64
		{D93078D2-B542-4B9C-B7A5-4236A84581D0}.Debug|x64.Build.0 = Debug|x64
		{D93078D2-B542-4B9C-B7A5-4236A84581D0}.Debug|x86.ActiveCfg = Debug|Win32
		{D93078D2-B542-4B9C-B7A5-4236A84581D0}.Debug|x86.Build.0 = Debug|Win32
		{D93078D2-B542-4B9C-B7A5-4236A84581D0}.Release|Any CPU.ActiveCfg = Release|Win32
		{D93078D2-B542-4B9C-B7A5-4236A84581D0}.Release|x64.ActiveCfg = Release|x64
		{D93078D2-B542-4B9C-B7A5-4236A84581D0}.Release|x64.Build.0 = Release|x64
		{D93078D2-B542-4B9C-B7A5-4236A84581D0}.Release|x86.ActiveCfg = Release|Win32
		{D93078D2-B542-4B9C-B7A5-4236A84581D0}.Release|x86.Build.0 = Release|Win32
		{5693B010-66E5-4AFE-ADC5-3AD71EA2B476}.Debug|Any CPU.ActiveCfg = Debug|Win32
		{5693B010-66E5-4AFE-ADC5-3AD71EA2B476}.Debug|x64.ActiveCfg = Debug|x64
		{5693B010-66E5-4AFE-ADC5-3AD71EA2B476}.Debug|x64.Build.0 = Debug|x64
		{5693B010-66E5-4AFE-ADC5-3AD71EA2B476}.Debug|x86.ActiveCfg = Debug|Win32
		{5693B010-66E5-4AFE-ADC5-3AD71EA2B476}.Debug|x86.Build.0 = Debug|Win32
		{5693B010-66E5-4AFE-ADC5-3AD71EA2B476}.Release|Any CPU.ActiveCfg = Release|Win32
		{5693B010-66E5-4AFE-ADC5-3AD71EA2B476}.Release|x64.ActiveCfg = Release|x64
		{5693B010-66E5-4AFE-ADC5-3AD71EA2B476}.Release|x64.Build.0 = Release|x64
		{5693B010-66E5-4AFE-ADC5-3AD71EA2B476}.Release|x86.ActiveCfg = Release|Win32
		{5693B010-66E5-4AFE-ADC5-3AD71EA2B476}.Release|x86.Build.0 = Release|Win32
		{9823814F-315F-45B7-8BB4-B358E9FDE98F}.Debug|Any CPU.ActiveCfg = Debug|Win32
		{9823814F-315F-45B7-8BB4-B358E9FDE98F}.Debug|x64.ActiveCfg = Debug|x64
		{9823814F-315F-45B7-8BB4-B358E9FDE98F}.Debug|x64.Build.0 = Debug|x64
		{9823814F-315F-45B7-8BB4-B358E9FDE98F}.Debug|x86.ActiveCfg = Debug|Win32
		{9823814F-315F-45B7-8BB4-B358E9FDE98F}.Debug|x86.Build.0 = Debug|Win32
		{9823814F-315F-45B7-8BB4-B358E9FDE98F}.Release|Any CPU.ActiveCfg = Release|Win32
		{9823814F-315F-45B7-8BB4-B358E9FDE98F}.Release|x64.ActiveCfg = Release|x64
		{9823814F-315F-45B7-8BB4-B358E9FDE98F}.Release|x64.Build.0 = Release|x64
		{9823814F-315F-45B7-8BB4-B358E9FDE98F}.Release|x86.ActiveCfg = Release|Win32
		{9823814F-315F-45B7-8BB4-B358E9FDE98F}.Release|x86.Build.0 = Release|Win32
		{16BA6875-A3A9-4DB1-AC72-765224A93E74}.Debug|Any CPU.ActiveCfg = Debug|Win32
		{16BA6875-A3A9-4DB1-AC72-765224A93E74}.Debug|x64.ActiveCfg = Debug|x64
		{16BA6875-A3A9-4DB1-AC72-765224A93E74}.Debug|x64.Build.0 = Debug|x64
		{16BA6875-A3A9-4DB1-AC72-765224A93E74}.Debug|x86.ActiveCfg = Debug|Win32
		{16BA6875-A3A9-4DB1-AC72-765224A93E74}.Debug|x86.Build.0 = Debug|Win32
		{16BA6875-A3A9-4DB1-AC72-765224A93E74}.Release|Any CPU.ActiveCfg = Release|Win32
		{16BA6875-A3A9-4DB1-AC72-765224A93E74}.Release|x64.ActiveCfg = Release|x64
		{16BA6875-A3A9-4DB1-AC72-765224A93E74}.Release|x64.Build.0 = Release|x64
		{16BA6875-A3A9-4DB1-AC72-765224A93E74}.Release|x86.ActiveCfg = Release|Win32
		{16BA6875-A3A9-4DB1-AC72-765224A93E74}.Release|x86.Build.0 = Release|Win32
		{03698748-2813-4676-B9E7-C5A5C5D9947E}.Debug|Any CPU.ActiveCfg = Debug|Win32
		{03698748-2813-4676-B9E7-C5A5C5D9947E}.Debug|x64.ActiveCfg = Debug|x64
		{03698748-2813-4676-B9E7-C5A5C5D9947E}.Debug|x64.Build.0 = Debug|x64
		{03698748-2813-4676-B9E7-C5A5C5D9947E}.Debug|x86.ActiveCfg = Debug|Win32
		{03698748-2813-4676-B9E7-C5A5C5D9947E}.Debug|x86.Build.0 = Debug|Win32
		{03698748-2813-4676-B9E7-C5A5C5D9947E}.Release|Any CPU.ActiveCfg = Release|Win32
		{03698748-2813-4676-B9E7-C5A5C5D9947E}.Release|x64.ActiveCfg = Release|x64
		{03698748-2813-4676-B9E7-C5A5C5D9947E}.Release|x64.Build.0 = Release|x64
		{03698748-2813-4676-B9E7-C5A5C5D9947E}.Release|x86.ActiveCfg = Release|Win32
		{03698748-2813-4676-B9E7-C5A5C5D9947E}.Release|x86.Build.0 = Release|Win32
		{52024BDF-22D5-49A2-9C5F-CD6785F6E9CA}.Debug|Any CPU.ActiveCfg = Debug|Win32
		{52024BDF-22D5-49A2-9C5F-CD6785F6E9CA}.Debug|x64.ActiveCfg = Debug|x64
		{52024BDF-22D5-49A2-9C5F-CD6785F6E9CA}.Debug|x64.Build.0 = Debug|x64
		{52024BDF-22D5-49A2-9C5F-CD6785F6E9CA}.Debug|x86.ActiveCfg = Debug|Win32
		{52024BDF-22D5-49A2-9C5F-CD6785F6E9CA}.Debug|x86.Build.0 = Debug|Win32
		{52024BDF-22D5-49A2-9C5F-CD6785F6E9CA}.Release|Any CPU.ActiveCfg = Release|Win32
		{52024BDF-22D5-49A2-9C5F-CD6785F6E9CA}.Release|x64.ActiveCfg = Release|x64
		{52024BDF-22D5-49A2-9C5F-CD6785F6E9CA}.Release|x64.Build.0 = Release|x64
		{52024BDF-22D5-49A2-9C5F-CD6785F6E9CA}.Release|x86.ActiveCfg = Release|Win32
		{52024BDF-22D5-49A2-9C5F-CD6785F6E9CA}.Release|x86.Build.0 = Release|Win32
		{EA940730-952B-4709-A272-73748E5C1486}.Debug|Any CPU.ActiveCfg = Debug|Win32
		{EA940730-952B-4709-A272-73748E5C1486}.Debug|x64.ActiveCfg = Debug|x64
		{EA940730-952B-4709-A272-73748E5C1486}.Debug|x64.Build.0 = Debug|x64
		{EA940730-952B-4709-A272-73748E5C1486}.Debug|x86.ActiveCfg = Debug|Win32
		{EA940730-952B-4709-A272-73748E5C1486}.Debug|x86.Build.0 = Debug|Win32
		{EA940730-952B-4709-A272-73748E5C1486}.Release|Any CPU.ActiveCfg = Release|Win32
		{EA940730-952B-4709-A272-73748E5C1486}.Release|x64.ActiveCfg = Release|x64
		{EA940730-952B-4709-A272-73748E5C1486}.Release|x64.Build.0 = Release|x64
		{EA940730-952B-4709-A272-73748E5C1486}.Release|x86.ActiveCfg = Release|Win32
		{EA940730-952B-4709-A272-73748E5C1486}.Release|x86.Build.0 = Release|Win32
		{BF37C4E3-035A-4E95-81D8-9113B66C328C}.Debug|Any CPU.ActiveCfg = Debug|Win32
		{BF37C4E3-035A-4E95-81D8-9113B66C328C}.Debug|x64.ActiveCfg = Debug|x64
		{BF37C4E3-035A-4E95-81D8-9113B66C328C}.Debug|x64.Build.0 = Debug|x64
		{BF37C4E3-035A-4E95-81D8-9113B66C328C}.Debug|x86.ActiveCfg = Debug|Win32
		{BF37C4E3-035A-4E95-81D8-9113B66C328C}.Debug|x86.Build.0 = Debug|Win32
		{BF37C4E3-035A-4E95-81D8-9113B66C328C}.Release|Any CPU.ActiveCfg = Release|Win32
		{BF37C4E3-035A-4E95-81D8-9113B66C328C}.Release|x64.ActiveCfg = Release|x64
		{BF37C4E3-035A-4E95-81D8-9113B66C328C}.Release|x64.Build.0 = Release|x64
		{BF37C4E3-035A-4E95-81D8-9113B66C328C}.Release|x86.ActiveCfg = Release|Win32
		{BF37C4E3-035A-4E95-81D8-9113B66C328C}.Release|x86.Build.0 = Release|Win32
		{2CBDAF92-AD92-4171-89A8-64830CB9D0C8}.Debug|Any CPU.ActiveCfg = Debug|Win32
		{2CBDAF92-AD92-4171-89A8-64830CB9D0C8}.Debug|x64.ActiveCfg = Debug|x64
		{2CBDAF92-AD92-4171-89A8-64830CB9D0C8}.Debug|x64.Build.0 = Debug|x64
		{2CBDAF92-AD92-4171-89A8-64830CB9D0C8}.Debug|x86.ActiveCfg = Debug|Win32
		{2CBDAF92-AD92-4171-89A8-64830CB9D0C8}.Debug|x86.Build.0 = Debug|Win32
		{2CBDAF92-AD92-4171-89A8-64830CB9D0C8}.Release|Any CPU.ActiveCfg = Release|Win32
		{2CBDAF92-AD92-4171-89A8-64830CB9D0C8}.Release|x64.ActiveCfg = Release|x64
		{2CBDAF92-AD92-4171-89A8-64830CB9D0C8}.Release|x64.Build.0 = Release|x64
		{2CBDAF92-AD92-4171-89A8-64830CB9D0C8}.Release|x86.ActiveCfg = Release|Win32
		{2CBDAF92-AD92-4171-89A8-64830CB9D0C8}.Release|x86.Build.0 = Release|Win32
		{7B285650-B764-4100-91D1-736985B39153}.Debug|Any CPU.ActiveCfg = Debug|Win32
		{7B285650-B764-4100-91D1-736985B39153}.Debug|x64.ActiveCfg = Debug|x64
		{7B285650-B764-4100-91D1-736985B39153}.Debug|x64.Build.0 = Debug|x64
		{7B285650-B764-4100-91D1-736985B39153}.Debug|x86.ActiveCfg = Debug|Win32
		{7B285650-B764-4100-91D1-736985B39153}.Debug|x86.Build.0 = Debug|Win32
		{7B285650-B764-4100-91D1-736985B39153}.Release|Any CPU.ActiveCfg = Release|Win32
		{7B285650-B764-4100-91D1-736985B39153}.Release|x64.ActiveCfg = Release|x64
		{7B285650-B764-4100-91D1-736985B39153}.Release|x64.Build.0 = Release|x64
		{7B285650-B764-4100-91D1-736985B39153}.Release|x86.ActiveCfg = Release|Win32
		{7B285650-B764-4100-91D1-736985B39153}.Release|x86.Build.0 = Release|Win32
		{D69A6923-01B2-4D06-95AC-F97D07397E78}.Debug|Any CPU.ActiveCfg = Debug|Win32
		{D69A6923-01B2-4D06-95AC-F97D07397E78}.Debug|x64.ActiveCfg = Debug|x64
		{D69A6923-01B2-4D06-95AC-F97D07397E78}.Debug|x64.Build.0 = Debug|x64
		{D69A6923-01B2-4D06-95AC-F97D07397E78}.Debug|x86.ActiveCfg = Debug|Win32
		{D69A6923-01B2-4D06-95AC-F97D07397E78}.Debug|x86.Build.0 = Debug|Win32
		{D69A6923-01B2-4D06-95AC-F97D07397E78}.Release|Any CPU.ActiveCfg = Release|Win32
		{D69A6923-01B2-4D06-95AC-F97D07397E78}.Release|x64.ActiveCfg = Release|x64
		{D69A6923-01B2-4D06-95AC-F97D07397E78}.Release|x64.Build.0 = Release|x64
		{D69A6923-01B2-4D06-95AC-F97D07397E78}.Release|x86.ActiveCfg = Release|Win32
		{D69A6923-01B2-4D06-95AC-F97D07397E78}.Release|x86.Build.0 = Release|Win32
		{F15B1FDB-CC1B-456E-A258-D407A15994EB}.Debug|Any CPU.ActiveCfg = Debug|Win32
		{F15B1FDB-CC1B-456E-A258-D407A15994EB}.Debug|x64.ActiveCfg = Debug|x64
		{F15B1FDB-CC1B-456E-A258-D407A15994EB}.Debug|x64.Build.0 = Debug|x64
		{F15B1FDB-CC1B-456E-A258-D407A15994EB}.Debug|x86.ActiveCfg = Debug|Win32
		{F15B1FDB-CC1B-456E-A258-D407A15994EB}.Debug|x86.Build.0 = Debug|Win32
		{F15B1FDB-CC1B-456E-A258-D407A15994EB}.Release|Any CPU.ActiveCfg = Release|Win32
		{F15B1FDB-CC1B-456E-A258-D407A15994EB}.Release|x64.ActiveCfg = Release|x64
		{F15B1FDB-CC1B-456E-A258-D407A15994EB}.Release|x64.Build.0 = Release|x64
		{F15B1FDB-CC1B-456E-A258-D407A15994EB}.Release|x86.ActiveCfg = Release|Win32
		{F15B1FDB-CC1B-456E-A258-D407A15994EB}.Release|x86.Build.0 = Release|Win32
		{2C64BD21-BBAF-4172-AA3E-366E351E0446}.Debug|Any CPU.ActiveCfg = Debug|Win32
		{2C64BD21-BBAF-4172-AA3E-366E351E0446}.Debug|x64.ActiveCfg = Debug|x64
		{2C64BD21-BBAF-4172-AA3E-366E351E0446}.Debug|x64.Build.0 = Debug|x64
		{2C64BD21-BBAF-4172-AA3E-366E351E0446}.Debug|x86.ActiveCfg = Debug|Win32
		{2C64BD21-BBAF-4172-AA3E-366E351E0446}.Debug|x86.Build.0 = Debug|Win32
		{2C64BD21-BBAF-4172-AA3E-366E351E0446}.Release|Any CPU.ActiveCfg = Release|Win32
		{2C64BD21-BBAF-4172-AA3E-366E351E0446}.Release|x64.ActiveCfg = Release|x64
		{2C64BD21-BBAF-4172-AA3E-366E351E0446}.Release|x64.Build.0 = Release|x64
		{2C64BD21-BBAF-4172-AA3E-366E351E0446}.Release|x86.ActiveCfg = Release|Win32
		{2C64BD21-BBAF-4172-AA3E-366E351E0446}.Release|x86.Build.0 = Release|Win32
		{472A7BEB-A1EF-4A8A-AC44-62FB0599AD5D}.Debug|Any CPU.ActiveCfg = Debug|Win32
		{472A7BEB-A1EF-4A8A-AC44-62FB0599AD5D}.Debug|x64.ActiveCfg = Debug|x64
		{472A7BEB-A1EF-4A8A-AC44-62FB0599AD5D}.Debug|x64.Build.0 = Debug|x64
		{472A7BEB-A1EF-4A8A-AC44-62FB0599AD5D}.Debug|x86.ActiveCfg = Debug|Win32
		{472A7BEB-A1EF-4A8A-AC44-62FB0599AD5D}.Debug|x86.Build.0 = Debug|Win32
		{472A7BEB-A1EF-4A8A-AC44-62FB0599AD5D}.Release|Any CPU.ActiveCfg = Release|Win32
		{472A7BEB-A1EF-4A8A-AC44-62FB0599AD5D}.Release|x64.ActiveCfg = Release|x64
		{472A7BEB-A1EF-4A8A-AC44-62FB0599AD5D}.Release|x64.Build.0 = Release|x64
		{472A7BEB-A1EF-4A8A-AC44-62FB0599AD5D}.Release|x86.ActiveCfg = Release|Win32
		{472A7BEB-A1EF-4A8A-AC44-62FB0599AD5D}.Release|x86.Build.0 = Release|Win32
		{085D7613-CC8A-4108-9904-92ED9EBD3667}.Debug|Any CPU.ActiveCfg = Debug|Win32
		{085D7613-CC8A-4108-9904-92ED9EBD3667}.Debug|x64.ActiveCfg = Debug|x64
		{085D7613-CC8A-4108-9904-92ED9EBD3667}.Debug|x64.Build.0 = Debug|x64
		{085D7613-CC8A-4108-9904-92ED9EBD3667}.Debug|x86.ActiveCfg = Debug|Win32
		{085D7613-CC8A-4108-9904-92ED9EBD3667}.Debug|x86.Build.0 = Debug|Win32
		{085D7613-CC8A-4108-9904-92ED9EBD3667}.Release|Any CPU.ActiveCfg = Release|Win32
		{085D7613-CC8A-4108-9904-92ED9EBD3667}.Release|x64.ActiveCfg = Release|x64
		{085D7613-CC8A-4108-9904-92ED9EBD3667}.Release|x64.Build.0 = Release|x64
		{085D7613-CC8A-4108-9904-92ED9EBD3667}.Release|x86.ActiveCfg = Release|Win32
		{085D7613-CC8A-4108-9904-92ED9EBD3667}.Release|x86.Build.0 = Release|Win32
		{DFBBA365-954E-499B-A5A6-4C521B6E3B3D}.Debug|Any CPU.ActiveCfg = Debug|Win32
		{DFBBA365-954E-499B-A5A6-4C521B6E3B3D}.Debug|x64.ActiveCfg = Debug|x64
		{DFBBA365-954E-499B-A5A6-4C521B6E3B3D}.Debug|x64.Build.0 = Debug|x64
		{DFBBA365-954E-499B-A5A6-4C521B6E3B3D}.Debug|x86.ActiveCfg = Debug|Win32
		{DFBBA365-954E-499B-A5A6-4C521B6E3B3D}.Debug|x86.Build.0 = Debug|Win32
		{DFBBA365-954E-499B-A5A6-4C521B6E3B3D}.Release|Any CPU.ActiveCfg = Release|Win32
		{DFBBA365-954E-499B-A5A6-4C521B6E3B3D}.Release|x64.ActiveCfg = Release|x64
		{DFBBA365-954E-499B-A5A6-4C521B6E3B3D}.Release|x64.Build.0 = Release|x64
		{DFBBA365-954E-499B-A5A6-4C521B6E3B3D}.Release|x86.ActiveCfg = Release|Win32
		{DFBBA365-954E-499B-A5A6-4C521B6E3B3D}.Release|x86.Build.0 = Release|Win32
		{DFE1398B-403C-43F1-9EAA-8C09720BEBE6}.Debug|Any CPU.ActiveCfg = Debug|Win32
		{DFE1398B-403C-43F1-9EAA-8C09720BEBE6}.Debug|x64.ActiveCfg = Debug|x64
		{DFE1398B-403C-43F1-9EAA-8C09720BEBE6}.Debug|x64.Build.0 = Debug|x64
		{DFE1398B-403C-43F1-9EAA-8C09720BEBE6}.Debug|x86.ActiveCfg = Debug|Win32
		{DFE1398B-403C-43F1-9EAA-8C09720BEBE6}.Debug|x86.Build.0 = Debug|Win32
		{DFE1398B-403C-43F1-9EAA-8C09720BEBE6}.Release|Any CPU.ActiveCfg = Release|Win32
		{DFE1398B-403C-43F1-9EAA-8C09720BEBE6}.Release|x64.ActiveCfg = Release|x64
		{DFE1398B-403C-43F1-9EAA-8C09720BEBE6}.Release|x64.Build.0 = Release|x64
		{DFE1398B-403C-43F1-9EAA-8C09720BEBE6}.Release|x86.ActiveCfg = Release|Win32
		{DFE1398B-403C-43F1-9EAA-8C09720BEBE6}.Release|x86.Build.0 = Release|Win32
		{87CB258F-E874-480F-A3DB-6981D36DF4A8}.Debug|Any CPU.ActiveCfg = Debug|Win32
		{87CB258F-E874-480F-A3DB-6981D36DF4A8}.Debug|x64.ActiveCfg = Debug|x64
		{87CB258F-E874-480F-A3DB-6981D36DF4A8}.Debug|x64.Build.0 = Debug|x64
		{87CB258F-E874-480F-A3DB-6981D36DF4A8}.Debug|x86.ActiveCfg = Debug|Win32
		{87CB258F-E874-480F-A3DB-6981D36DF4A8}.Debug|x86.Build.0 = Debug|Win32
		{87CB258F-E874-480F-A3DB-6981D36DF4A8}.Release|Any CPU.ActiveCfg = Release|Win32
		{87CB258F-E874-480F-A3DB-6981D36DF4A8}.Release|x64.ActiveCfg = Release|x64
		{87CB258F-E874-480F-A3DB-6981D36DF4A8}.Release|x64.Build.0 = Release|x64
		{87CB258F-E874-480F-A3DB-6981D36DF4A8}.Release|x86.ActiveCfg = Release|Win32
		{87CB258F-E874-480F-A3DB-6981D36DF4A8}.Release|x86.Build.0 = Release|Win32
		{0F17A645-CC24-46FB-819A-EA219DC61E53}.Debug|Any CPU.ActiveCfg = Debug|Win32
		{0F17A645-CC24-46FB-819A-EA219DC61E53}.Debug|x64.ActiveCfg = Debug|x64
		{0F17A645-CC24-46FB-819A-EA219DC61E53}.Debug|x64.Build.0 = Debug|x64
		{0F17A645-CC24-46FB-819A-EA219DC61E53}.Debug|x86.ActiveCfg = Debug|Win32
		{0F17A645-CC24-46FB-819A-EA219DC61E53}.Debug|x86.Build.0 = Debug|Win32
		{0F17A645-CC24-46FB-819A-EA219DC61E53}.Release|Any CPU.ActiveCfg = Release|Win32
		{0F17A645-CC24-46FB-819A-EA219DC61E53}.Release|x64.ActiveCfg = Release|x64
		{0F17A645-CC24-46FB-819A-EA219DC61E53}.Release|x64.Build.0 = Release|x64
		{0F17A645-CC24-46FB-819A-EA219DC61E53}.Release|x86.ActiveCfg = Release|Win32
		{0F17A645-CC24-46FB-819A-EA219DC61E53}.Release|x86.Build.0 = Release|Win32
		{79751AC6-6F1C-43D2-95E4-27A2E3655657}.Debug|Any CPU.ActiveCfg = Debug|Win32
		{79751AC6-6F1C-43D2-95E4-27A2E3655657}.Debug|x64.ActiveCfg = Debug|x64
		{79751AC6-6F1C-43D2-95E4-27A2E3655657}.Debug|x64.Build.0 = Debug|x64
		{79751AC6-6F1C-43D2-95E4-27A2E3655657}.Debug|x86.ActiveCfg = Debug|Win32
		{79751AC6-6F1C-43D2-95E4-27A2E3655657}.Debug|x86.Build.0 = Debug|Win32
		{79751AC6-6F1C-43D2-95E4-27A2E3655657}.Release|Any CPU.ActiveCfg = Release|Win32
		{79751AC6-6F1C-43D2-95E4-27A2E3655657}.Release|x64.ActiveCfg = Release|x64
		{79751AC6-6F1C-43D2-95E4-27A2E3655657}.Release|x64.Build.0 = Release|x64
		{79751AC6-6F1C-43D2-95E4-27A2E3655657}.Release|x86.ActiveCfg = Release|Win32
		{79751AC6-6F1C-43D2-95E4-27A2E3655657}.Release|x86.Build.0 = Release|Win32
		{81C69FE6-C9B5-458D-9D29-0FCC859878CE}.Debug|Any CPU.ActiveCfg = Debug|Win32
		{81C69FE6-C9B5-458D-9D29-0FCC859878CE}.Debug|x64.ActiveCfg = Debug|x64
		{81C69FE6-C9B5-458D-9D29-0FCC859878CE}.Debug|x64.Build.0 = Debug|x64
		{81C69FE6-C9B5-458D-9D29-0FCC859878CE}.Debug|x86.ActiveCfg = Debug|Win32
		{81C69FE6-C9B5-458D-9D29-0FCC859878CE}.Debug|x86.Build.0 = Debug|Win32
		{81C69FE6-C9B5-458D-9D29-0FCC859878CE}.Release|Any CPU.ActiveCfg = Release|Win32
		{81C69FE6-C9B5-458D-9D29-0FCC859878CE}.Release|x64.ActiveCfg = Release|x64
		{81C69FE6-C9B5-458D-9D29-0FCC859878CE}.Release|x64.Build.0 = Release|x64
		{81C69FE6-C9B5-458D-9D29-0FCC859878CE}.Release|x86.ActiveCfg = Release|Win32
		{81C69FE6-C9B5-458D-9D29-0FCC859878CE}.Release|x86.Build.0 = Release|Win32
		{9FE87ADD-1533-4233-8854-0BAB482F9FC8}.Debug|Any CPU.ActiveCfg = Debug|Win32
		{9FE87ADD-1533-4233-8854-0BAB482F9FC8}.Debug|x64.ActiveCfg = Debug|x64
		{9FE87ADD-1533-4233-8854-0BAB482F9FC8}.Debug|x64.Build.0 = Debug|x64
		{9FE87ADD-1533-4233-8854-0BAB482F9FC8}.Debug|x86.ActiveCfg = Debug|Win32
		{9FE87ADD-1533-4233-8854-0BAB482F9FC8}.Debug|x86.Build.0 = Debug|Win32
		{9FE87ADD-1533-4233-8854-0BAB482F9FC8}.Release|Any CPU.ActiveCfg = Release|Win32
		{9FE87ADD-1533-4233-8854-0BAB482F9FC8}.Release|x64.ActiveCfg = Release|x64
		{9FE87ADD-1533-4233-8854-0BAB482F9FC8}.Release|x64.Build.0 = Release|x64
		{9FE87ADD-1533-4233-8854-0BAB482F9FC8}.Release|x86.ActiveCfg = Release|Win32
		{9FE87ADD-1533-4233-8854-0BAB482F9FC8}.Release|x86.Build.0 = Release|Win32
		{E5D259D9-4C0F-468F-97D6-22C43C2E3DAF}.Debug|Any CPU.ActiveCfg = Debug|Win32
		{E5D259D9-4C0F-468F-97D6-22C43C2E3DAF}.Debug|x64.ActiveCfg = Debug|x64
		{E5D259D9-4C0F-468F-97D6-22C43C2E3DAF}.Debug|x64.Build.0 = Debug|x64
		{E5D259D9-4C0F-468F-97D6-22C43C2E3DAF}.Debug|x86.ActiveCfg = Debug|Win32
		{E5D259D9-4C0F-468F-97D6-22C43C2E3DAF}.Debug|x86.Build.0 = Debug|Win32
		{E5D259D9-4C0F-468F-97D6-22C43C2E3DAF}.Release|Any CPU.ActiveCfg = Release|Win32
		{E5D259D9-4C0F-468F-97D6-22C43C2E3DAF}.Release|x64.ActiveCfg = Release|x64
		{E5D259D9-4C0F-468F-97D6-22C43C2E3DAF}.Release|x64.Build.0 = Release|x64
		{E5D259D9-4C0F-468F-97D6-22C43C2E3DAF}.Release|x86.ActiveCfg = Release|Win32
		{E5D259D9-4C0F-468F-97D6-22C43C2E3DAF}.Release|x86.Build.0 = Release|Win32
		{CF33EFB1-AAA8-463A-B312-A89E9D3E5A30}.Debug|Any CPU.ActiveCfg = Debug|Win32
		{CF33EFB1-AAA8-463A-B312-A89E9D3E5A30}.Debug|x64.ActiveCfg = Debug|x64
		{CF33EFB1-AAA8-463A-B312-A89E9D3E5A30}.Debug|x64.Build.0 = Debug|x64
		{CF33EFB1-AAA8-463A-B312-A89E9D3E5A30}.Debug|x86.ActiveCfg = Debug|Win32
		{CF33EFB1-AAA8-463A-B312-A89E9D3E5A30}.Debug|x86.Build.0 = Debug|Win32
		{CF33EFB1-AAA8-463A-B312-A89E9D3E5A30}.Release|Any CPU.ActiveCfg = Release|Win32
		{CF33EFB1-AAA8-463A-B312-A89E9D3E5A30}.Release|x64.ActiveCfg = Release|x64
		{CF33EFB1-AAA8-463A-B312-A89E9D3E5A30}.Release|x64.Build.0 = Release|x64
		{CF33EFB1-AAA8-463A-B312-A89E9D3E5A30}.Release|x86.ActiveCfg = Release|Win32
		{CF33EFB1-AAA8-463A-B312-A89E9D3E5A30}.Release|x86.Build.0 = Release|Win32
		{37EF1D17-651E-4A50-94F5-4CBD491162A6}.Debug|Any CPU.ActiveCfg = Debug|Win32
		{37EF1D17-651E-4A50-94F5-4CBD491162A6}.Debug|x64.ActiveCfg = Debug|x64
		{37EF1D17-651E-4A50-94F5-4CBD491162A6}.Debug|x64.Build.0 = Debug|x64
		{37EF1D17-651E-4A50-94F5-4CBD491162A6}.Debug|x86.ActiveCfg = Debug|Win32
		{37EF1D17-651E-4A50-94F5-4CBD491162A6}.Debug|x86.Build.0 = Debug|Win32
		{37EF1D17-651E-4A50-94F5-4CBD491162A6}.Release|Any CPU.ActiveCfg = Release|Win32
		{37EF1D17-651E-4A50-94F5-4CBD491162A6}.Release|x64.ActiveCfg = Release|x64
		{37EF1D17-651E-4A50-94F5-4CBD491162A6}.Release|x64.Build.0 = Release|x64
		{37EF1D17-651E-4A50-94F5-4CBD491162A6}.Release|x86.ActiveCfg = Release|Win32
		{37EF1D17-651E-4A50-94F5-4CBD491162A6}.Release|x86.Build.0 = Release|Win32
		{2B834D62-062F-404B-9149-40AD2151087E}.Debug|Any CPU.ActiveCfg = Debug|Win32
		{2B834D62-062F-404B-9149-40AD2151087E}.Debug|x64.ActiveCfg = Debug|x64
		{2B834D62-062F-404B-9149-40AD2151087E}.Debug|x64.Build.0 = Debug|x64
		{2B834D62-062F-404B-9149-40AD2151087E}.Debug|x86.ActiveCfg = Debug|Win32
		{2B834D62-062F-404B-9149-40AD2151087E}.Debug|x86.Build.0 = Debug|Win32
		{2B834D62-062F-404B-9149-40AD2151087E}.Release|Any CPU.ActiveCfg = Release|Win32
		{2B834D62-062F-404B-9149-40AD2151087E}.Release|x64.ActiveCfg = Release|x64
		{2B834D62-062F-404B-9149-40AD2151087E}.Release|x64.Build.0 = Release|x64
		{2B834D62-062F-404B-9149-40AD2151087E}.Release|x86.ActiveCfg = Release|Win32
		{2B834D62-062F-404B-9149-40AD2151087E}.Release|x86.Build.0 = Release|Win32
		{EA6A5CC9-0FF7-4349-A8DD-14CAAE5C10D9}.Debug|Any CPU.ActiveCfg = Debug|Win32
		{EA6A5CC9-0FF7-4349-A8DD-14CAAE5C10D9}.Debug|x64.ActiveCfg = Debug|x64
		{EA6A5CC9-0FF7-4349-A8DD-14CAAE5C10D9}.Debug|x64.Build.0 = Debug|x64
		{EA6A5CC9-0FF7-4349-A8DD-14CAAE5C10D9}.Debug|x86.ActiveCfg = Debug|Win32
		{EA6A5CC9-0FF7-4349-A8DD-14CAAE5C10D9}.Debug|x86.Build.0 = Debug|Win32
		{EA6A5CC9-0FF7-4349-A8DD-14CAAE5C10D9}.Release|Any CPU.ActiveCfg = Release|Win32
		{EA6A5CC9-0FF7-4349-A8DD-14CAAE5C10D9}.Release|x64.ActiveCfg = Release|x64
		{EA6A5CC9-0FF7-4349-A8DD-14CAAE5C10D9}.Release|x64.Build.0 = Release|x64
		{EA6A5CC9-0FF7-4349-A8DD-14CAAE5C10D9}.Release|x86.ActiveCfg = Release|Win32
		{EA6A5CC9-0FF7-4349-A8DD-14CAAE5C10D9}.Release|x86.Build.0 = Release|Win32
		{EAC86512-D9BF-441B-AC64-498E8772778B}.Debug|Any CPU.ActiveCfg = Debug|Win32
		{EAC86512-D9BF-441B-AC64-498E8772778B}.Debug|x64.ActiveCfg = Debug|x64
		{EAC86512-D9BF-441B-AC64-498E8772778B}.Debug|x64.Build.0 = Debug|x64
		{EAC86512-D9BF-441B-AC64-498E8772778B}.Debug|x86.ActiveCfg = Debug|Win32
		{EAC86512-D9BF-441B-AC64-498E8772778B}.Debug|x86.Build.0 = Debug|Win32
		{EAC86512-D9BF-441B-AC64-498E8772778B}.Release|Any CPU.ActiveCfg = Release|Win32
		{EAC86512-D9BF-441B-AC64-498E8772778B}.Release|x64.ActiveCfg = Release|x64
		{EAC86512-D9BF-441B-AC64-498E8772778B}.Release|x64.Build.0 = Release|x64
		{EAC86512-D9BF-441B-AC64-498E8772778B}.Release|x86.ActiveCfg = Release|Win32
		{EAC86512-D9BF-441B-AC64-498E8772778B}.Release|x86.Build.0 = Release|Win32
		{533754EF-A58D-44F0-8F04-0B0E112033D2}.Debug|Any CPU.ActiveCfg = Debug|Win32
		{533754EF-A58D-44F0-8F04-0B0E112033D2}.Debug|x64.ActiveCfg = Debug|x64
		{533754EF-A58D-44F0-8F04-0B0E112033D2}.Debug|x64.Build.0 = Debug|x64
		{533754EF-A58D-44F0-8F04-0B0E112033D2}.Debug|x86.ActiveCfg = Debug|Win32
		{533754EF-A58D-44F0-8F04-0B0E112033D2}.Debug|x86.Build.0 = Debug|Win32
		{533754EF-A58D-44F0-8F04-0B0E112033D2}.Release|Any CPU.ActiveCfg = Release|Win32
		{533754EF-A58D-44F0-8F04-0B0E112033D2}.Release|x64.ActiveCfg = Release|x64
		{533754EF-A58D-44F0-8F04-0B0E112033D2}.Release|x64.Build.0 = Release|x64
		{533754EF-A58D-44F0-8F04-0B0E112033D2}.Release|x86.ActiveCfg = Release|Win32
		{533754EF-A58D-44F0-8F04-0B0E112033D2}.Release|x86.Build.0 = Release|Win32
		{E982729F-A517-4B64-A921-13B4A5D077CA}.Debug|Any CPU.ActiveCfg = Debug|Win32
		{E982729F-A517-4B64-A921-13B4A5D077CA}.Debug|x64.ActiveCfg = Debug|x64
		{E982729F-A517-4B64-A921-13B4A5D077CA}.Debug|x64.Build.0 = Debug|x64
		{E982729F-A517-4B64-A921-13B4A5D077CA}.Debug|x86.ActiveCfg = Debug|Win32
		{E982729F-A517-4B64-A921-13B4A5D077CA}.Debug|x86.Build.0 = Debug|Win32
		{E982729F-A517-4B64-A921-13B4A5D077CA}.Release|Any CPU.ActiveCfg = Release|Win32
		{E982729F-A517-4B64-A921-13B4A5D077CA}.Release|x64.ActiveCfg = Release|x64
		{E982729F-A517-4B64-A921-13B4A5D077CA}.Release|x64.Build.0 = Release|x64
		{E982729F-A517-4B64-A921-13B4A5D077CA}.Release|x86.ActiveCfg = Release|Win32
		{E982729F-A517-4B64-A921-13B4A5D077CA}.Release|x86.Build.0 = Release|Win32
		{B3EF7CAF-885F-4CBC-8C0D-C8DB5CA8EC7F}.Debug|Any CPU.ActiveCfg = Debug|Win32
		{B3EF7CAF-885F-4CBC-8C0D-C8DB5CA8EC7F}.Debug|x64.ActiveCfg = Debug|x64
		{B3EF7CAF-885F-4CBC-8C0D-C8DB5CA8EC7F}.Debug|x64.Build.0 = Debug|x64
		{B3EF7CAF-885F-4CBC-8C0D-C8DB5CA8EC7F}.Debug|x86.ActiveCfg = Debug|Win32
		{B3EF7CAF-885F-4CBC-8C0D-C8DB5CA8EC7F}.Debug|x86.Build.0 = Debug|Win32
		{B3EF7CAF-885F-4CBC-8C0D-C8DB5CA8EC7F}.Release|Any CPU.ActiveCfg = Release|Win32
		{B3EF7CAF-885F-4CBC-8C0D-C8DB5CA8EC7F}.Release|x64.ActiveCfg = Release|x64
		{B3EF7CAF-885F-4CBC-8C0D-C8DB5CA8EC7F}.Release|x64.Build.0 = Release|x64
		{B3EF7CAF-885F-4CBC-8C0D-C8DB5CA8EC7F}.Release|x86.ActiveCfg = Release|Win32
		{B3EF7CAF-885F-4CBC-8C0D-C8DB5CA8EC7F}.Release|x86.Build.0 = Release|Win32
		{44FB289F-0A40-4E38-A05D-D14C23E8C742}.Debug|Any CPU.ActiveCfg = Debug|Win32
		{44FB289F-0A40-4E38-A05D-D14C23E8C742}.Debug|x64.ActiveCfg = Debug|x64
		{44FB289F-0A40-4E38-A05D-D14C23E8C742}.Debug|x64.Build.0 = Debug|x64
		{44FB289F-0A40-4E38-A05D-D14C23E8C742}.Debug|x86.ActiveCfg = Debug|Win32
		{44FB289F-0A40-4E38-A05D-D14C23E8C742}.Debug|x86.Build.0 = Debug|Win32
		{44FB289F-0A40-4E38-A05D-D14C23E8C742}.Release|Any CPU.ActiveCfg = Release|Win32
		{44FB289F-0A40-4E38-A05D-D14C23E8C742}.Release|x64.ActiveCfg = Release|x64
		{44FB289F-0A40-4E38-A05D-D14C23E8C742}.Release|x64.Build.0 = Release|x64
		{44FB289F-0A40-4E38-A05D-D14C23E8C742}.Release|x86.ActiveCfg = Release|Win32
		{44FB289F-0A40-4E38-A05D-D14C23E8C742}.Release|x86.Build.0 = Release|Win32
		{E12C55F3-21C3-4837-A540-03F4ED0C39C5}.Debug|Any CPU.ActiveCfg = Debug|Win32
		{E12C55F3-21C3-4837-A540-03F4ED0C39C5}.Debug|x64.ActiveCfg = Debug|x64
		{E12C55F3-21C3-4837-A540-03F4ED0C39C5}.Debug|x64.Build.0 = Debug|x64
		{E12C55F3-21C3-4837-A540-03F4ED0C39C5}.Debug|x86.ActiveCfg = Debug|Win32
		{E12C55F3-21C3-4837-A540-03F4ED0C39C5}.Debug|x86.Build.0 = Debug|Win32
		{E12C55F3-21C3-4837-A540-03F4ED0C39C5}.Release|Any CPU.ActiveCfg = Release|Win32
		{E12C55F3-21C3-4837-A540-03F4ED0C39C5}.Release|x64.ActiveCfg = Release|x64
		{E12C55F3-21C3-4837-A540-03F4ED0C39C5}.Release|x64.Build.0 = Release|x64
		{E12C55F3-21C3-4837-A540-03F4ED0C39C5}.Release|x86.ActiveCfg = Release|Win32
		{E12C55F3-21C3-4837-A540-03F4ED0C39C5}.Release|x86.Build.0 = Release|Win32
		{F98B01FB-7851-4DF2-AD9F-C7E072BCAC90}.Debug|Any CPU.ActiveCfg = Debug|Win32
		{F98B01FB-7851-4DF2-AD9F-C7E072BCAC90}.Debug|x64.ActiveCfg = Debug|x64
		{F98B01FB-7851-4DF2-AD9F-C7E072BCAC90}.Debug|x64.Build.0 = Debug|x64
		{F98B01FB-7851-4DF2-AD9F-C7E072BCAC90}.Debug|x86.ActiveCfg = Debug|Win32
		{F98B01FB-7851-4DF2-AD9F-C7E072BCAC90}.Debug|x86.Build.0 = Debug|Win32
		{F98B01FB-7851-4DF2-AD9F-C7E072BCAC90}.Release|Any CPU.ActiveCfg = Release|Win32
		{F98B01FB-7851-4DF2-AD9F-C7E072BCAC90}.Release|x64.ActiveCfg = Release|x64
		{F98B01FB-7851-4DF2-AD9F-C7E072BCAC90}.Release|x64.Build.0 = Release|x64
		{F98B01FB-7851-4DF2-AD9F-C7E072BCAC90}.Release|x86.ActiveCfg = Release|Win32
		{F98B01FB-7851-4DF2-AD9F-C7E072BCAC90}.Release|x86.Build.0 = Release|Win32
		{1C26AC76-B87D-443B-B231-1936ED4BD63F}.Debug|Any CPU.ActiveCfg = Debug|Win32
		{1C26AC76-B87D-443B-B231-1936ED4BD63F}.Debug|x64.ActiveCfg = Debug|x64
		{1C26AC76-B87D-443B-B231-1936ED4BD63F}.Debug|x64.Build.0 = Debug|x64
		{1C26AC76-B87D-443B-B231-1936ED4BD63F}.Debug|x86.ActiveCfg = Debug|Win32
		{1C26AC76-B87D-443B-B231-1936ED4BD63F}.Debug|x86.Build.0 = Debug|Win32
		{1C26AC76-B87D-443B-B231-1936ED4BD63F}.Release|Any CPU.ActiveCfg = Release|Win32
		{1C26AC76-B87D-443B-B231-1936ED4BD63F}.Release|x64.ActiveCfg = Release|x64
		{1C26AC76-B87D-443B-B231-1936ED4BD63F}.Release|x64.Build.0 = Release|x64
		{1C26AC76-B87D-443B-B231-1936ED4BD63F}.Release|x86.ActiveCfg = Release|Win32
		{1C26AC76-B87D-443B-B231-1936ED4BD63F}.Release|x86.Build.0 = Release|Win32
		{D315CBB0-7BB7-4F63-9F3E-DF87E6505329}.Debug|Any CPU.ActiveCfg = Debug|Win32
		{D315CBB0-7BB7-4F63-9F3E-DF87E6505329}.Debug|x64.ActiveCfg = Debug|x64
		{D315CBB0-7BB7-4F63-9F3E-DF87E6505329}.Debug|x64.Build.0 = Debug|x64
		{D315CBB0-7BB7-4F63-9F3E-DF87E6505329}.Debug|x86.ActiveCfg = Debug|Win32
		{D315CBB0-7BB7-4F63-9F3E-DF87E6505329}.Debug|x86.Build.0 = Debug|Win32
		{D315CBB0-7BB7-4F63-9F3E-DF87E6505329}.Release|Any CPU.ActiveCfg = Release|Win32
		{D315CBB0-7BB7-4F63-9F3E-DF87E6505329}.Release|x64.ActiveCfg = Release|x64
		{D315CBB0-7BB7-4F63-9F3E-DF87E6505329}.Release|x64.Build.0 = Release|x64
		{D315CBB0-7BB7-4F63-9F3E-DF87E6505329}.Release|x86.ActiveCfg = Release|Win32
		{D315CBB0-7BB7-4F63-9F3E-DF87E6505329}.Release|x86.Build.0 = Release|Win32
		{335E2EE0-38AA-47BB-937D-2F14ED6DA3B1}.Debug|Any CPU.ActiveCfg = Debug|Win32
		{335E2EE0-38AA-47BB-937D-2F14ED6DA3B1}.Debug|x64.ActiveCfg = Debug|x64
		{335E2EE0-38AA-47BB-937D-2F14ED6DA3B1}.Debug|x64.Build.0 = Debug|x64
		{335E2EE0-38AA-47BB-937D-2F14ED6DA3B1}.Debug|x86.ActiveCfg = Debug|Win32
		{335E2EE0-38AA-47BB-937D-2F14ED6DA3B1}.Debug|x86.Build.0 = Debug|Win32
		{335E2EE0-38AA-47BB-937D-2F14ED6DA3B1}.Release|Any CPU.ActiveCfg = Release|Win32
		{335E2EE0-38AA-47BB-937D-2F14ED6DA3B1}.Release|x64.ActiveCfg = Release|x64
		{335E2EE0-38AA-47BB-937D-2F14ED6DA3B1}.Release|x64.Build.0 = Release|x64
		{335E2EE0-38AA-47BB-937D-2F14ED6DA3B1}.Release|x86.ActiveCfg = Release|Win32
		{335E2EE0-38AA-47BB-937D-2F14ED6DA3B1}.Release|x86.Build.0 = Release|Win32
		{BE27A209-95CB-450B-B3B9-2959D581F4CD}.Debug|Any CPU.ActiveCfg = Debug|Win32
		{BE27A209-95CB-450B-B3B9-2959D581F4CD}.Debug|x64.ActiveCfg = Debug|x64
		{BE27A209-95CB-450B-B3B9-2959D581F4CD}.Debug|x64.Build.0 = Debug|x64
		{BE27A209-95CB-450B-B3B9-2959D581F4CD}.Debug|x86.ActiveCfg = Debug|Win32
		{BE27A209-95CB-450B-B3B9-2959D581F4CD}.Debug|x86.Build.0 = Debug|Win32
		{BE27A209-95CB-450B-B3B9-2959D581F4CD}.Release|Any CPU.ActiveCfg = Release|Win32
		{BE27A209-95CB-450B-B3B9-2959D581F4CD}.Release|x64.ActiveCfg = Release|x64
		{BE27A209-95CB-450B-B3B9-2959D581F4CD}.Release|x64.Build.0 = Release|x64
		{BE27A209-95CB-450B-B3B9-2959D581F4CD}.Release|x86.ActiveCfg = Release|Win32
		{BE27A209-95CB-450B-B3B9-2959D581F4CD}.Release|x86.Build.0 = Release|Win32
		{1850494F-01D2-4CA2-B727-5FF29F0C4428}.Debug|Any CPU.ActiveCfg = Debug|Win32
		{1850494F-01D2-4CA2-B727-5FF29F0C4428}.Debug|x64.ActiveCfg = Debug|x64
		{1850494F-01D2-4CA2-B727-5FF29F0C4428}.Debug|x64.Build.0 = Debug|x64
		{1850494F-01D2-4CA2-B727-5FF29F0C4428}.Debug|x86.ActiveCfg = Debug|Win32
		{1850494F-01D2-4CA2-B727-5FF29F0C4428}.Debug|x86.Build.0 = Debug|Win32
		{1850494F-01D2-4CA2-B727-5FF29F0C4428}.Release|Any CPU.ActiveCfg = Release|Win32
		{1850494F-01D2-4CA2-B727-5FF29F0C4428}.Release|x64.ActiveCfg = Release|x64
		{1850494F-01D2-4CA2-B727-5FF29F0C4428}.Release|x64.Build.0 = Release|x64
		{1850494F-01D2-4CA2-B727-5FF29F0C4428}.Release|x86.ActiveCfg = Release|Win32
		{1850494F-01D2-4CA2-B727-5FF29F0C4428}.Release|x86.Build.0 = Release|Win32
		{5CA5F68F-F5F0-40DC-BCBE-353121CB2ED0}.Debug|Any CPU.ActiveCfg = Debug|Win32
		{5CA5F68F-F5F0-40DC-BCBE-353121CB2ED0}.Debug|x64.ActiveCfg = Debug|x64
		{5CA5F68F-F5F0-40DC-BCBE-353121CB2ED0}.Debug|x64.Build.0 = Debug|x64
		{5CA5F68F-F5F0-40DC-BCBE-353121CB2ED0}.Debug|x86.ActiveCfg = Debug|Win32
		{5CA5F68F-F5F0-40DC-BCBE-353121CB2ED0}.Debug|x86.Build.0 = Debug|Win32
		{5CA5F68F-F5F0-40DC-BCBE-353121CB2ED0}.Release|Any CPU.ActiveCfg = Release|Win32
		{5CA5F68F-F5F0-40DC-BCBE-353121CB2ED0}.Release|x64.ActiveCfg = Release|x64
		{5CA5F68F-F5F0-40DC-BCBE-353121CB2ED0}.Release|x64.Build.0 = Release|x64
		{5CA5F68F-F5F0-40DC-BCBE-353121CB2ED0}.Release|x86.ActiveCfg = Release|Win32
		{5CA5F68F-F5F0-40DC-BCBE-353121CB2ED0}.Release|x86.Build.0 = Release|Win32
		{3B063633-A8B9-4EC1-A841-2DE3F226F250}.Debug|Any CPU.ActiveCfg = Debug|Win32
		{3B063633-A8B9-4EC1-A841-2DE3F226F250}.Debug|x64.ActiveCfg = Debug|x64
		{3B063633-A8B9-4EC1-A841-2DE3F226F250}.Debug|x64.Build.0 = Debug|x64
		{3B063633-A8B9-4EC1-A841-2DE3F226F250}.Debug|x86.ActiveCfg = Debug|Win32
		{3B063633-A8B9-4EC1-A841-2DE3F226F250}.Debug|x86.Build.0 = Debug|Win32
		{3B063633-A8B9-4EC1-A841-2DE3F226F250}.Release|Any CPU.ActiveCfg = Release|Win32
		{3B063633-A8B9-4EC1-A841-2DE3F226F250}.Release|x64.ActiveCfg = Release|x64
		{3B063633-A8B9-4EC1-A841-2DE3F226F250}.Release|x64.Build.0 = Release|x64
		{3B063633-A8B9-4EC1-A841-2DE3F226F250}.Release|x86.ActiveCfg = Release|Win32
		{3B063633-A8B9-4EC1-A841-2DE3F226F250}.Release|x86.Build.0 = Release|Win32
		{F552397D-8186-42F0-B24D-754AF6606F3A}.Debug|Any CPU.ActiveCfg = Debug|Win32
		{F552397D-8186-42F0-B24D-754AF6606F3A}.Debug|x64.ActiveCfg = Debug|x64
		{F552397D-8186-42F0-B24D-754AF6606F3A}.Debug|x64.Build.0 = Debug|x64
		{F552397D-8186-42F0-B24D-754AF6606F3A}.Debug|x86.ActiveCfg = Debug|Win32
		{F552397D-8186-42F0-B24D-754AF6606F3A}.Debug|x86.Build.0 = Debug|Win32
		{F552397D-8186-42F0-B24D-754AF6606F3A}.Release|Any CPU.ActiveCfg = Release|Win32
		{F552397D-8186-42F0-B24D-754AF6606F3A}.Release|x64.ActiveCfg = Release|x64
		{F552397D-8186-42F0-B24D-754AF6606F3A}.Release|x64.Build.0 = Release|x64
		{F552397D-8186-42F0-B24D-754AF6606F3A}.Release|x86.ActiveCfg = Release|Win32
		{F552397D-8186-42F0-B24D-754AF6606F3A}.Release|x86.Build.0 = Release|Win32
		{EAA80CB9-C227-490B-84B5-E1BF33C92AC2}.Debug|Any CPU.ActiveCfg = Debug|Win32
		{EAA80CB9-C227-490B-84B5-E1BF33C92AC2}.Debug|x64.ActiveCfg = Debug|x64
		{EAA80CB9-C227-490B-84B5-E1BF33C92AC2}.Debug|x64.Build.0 = Debug|x64
		{EAA80CB9-C227-490B-84B5-E1BF33C92AC2}.Debug|x86.ActiveCfg = Debug|Win32
		{EAA80CB9-C227-490B-84B5-E1BF33C92AC2}.Debug|x86.Build.0 = Debug|Win32
		{EAA80CB9-C227-490B-84B5-E1BF33C92AC2}.Release|Any CPU.ActiveCfg = Release|Win32
		{EAA80CB9-C227-490B-84B5-E1BF33C92AC2}.Release|x64.ActiveCfg = Release|x64
		{EAA80CB9-C227-490B-84B5-E1BF33C92AC2}.Release|x64.Build.0 = Release|x64
		{EAA80CB9-C227-490B-84B5-E1BF33C92AC2}.Release|x86.ActiveCfg = Release|Win32
		{EAA80CB9-C227-490B-84B5-E1BF33C92AC2}.Release|x86.Build.0 = Release|Win32
		{0E1BF94A-9E3B-4447-97D7-1790C368FEBA}.Debug|Any CPU.ActiveCfg = Debug|Win32
		{0E1BF94A-9E3B-4447-97D7-1790C368FEBA}.Debug|x64.ActiveCfg = Debug|x64
		{0E1BF94A-9E3B-4447-97D7-1790C368FEBA}.Debug|x64.Build.0 = Debug|x64
		{0E1BF94A-9E3B-4447-97D7-1790C368FEBA}.Debug|x86.ActiveCfg = Debug|Win32
		{0E1BF94A-9E3B-4447-97D7-1790C368FEBA}.Debug|x86.Build.0 = Debug|Win32
		{0E1BF94A-9E3B-4447-97D7-1790C368FEBA}.Release|Any CPU.ActiveCfg = Release|Win32
		{0E1BF94A-9E3B-4447-97D7-1790C368FEBA}.Release|x64.ActiveCfg = Release|x64
		{0E1BF94A-9E3B-4447-97D7-1790C368FEBA}.Release|x64.Build.0 = Release|x64
		{0E1BF94A-9E3B-4447-97D7-1790C368FEBA}.Release|x86.ActiveCfg = Release|Win32
		{0E1BF94A-9E3B-4447-97D7-1790C368FEBA}.Release|x86.Build.0 = Release|Win32
		{F63E78F9-9669-4E3A-A453-B2D6C778CD5A}.Debug|Any CPU.ActiveCfg = Debug|Win32
		{F63E78F9-9669-4E3A-A453-B2D6C778CD5A}.Debug|x64.ActiveCfg = Debug|x64
		{F63E78F9-9669-4E3A-A453-B2D6C778CD5A}.Debug|x64.Build.0 = Debug|x64
		{F63E78F9-9669-4E3A-A453-B2D6C778CD5A}.Debug|x86.ActiveCfg = Debug|Win32
		{F63E78F9-9669-4E3A-A453-B2D6C778CD5A}.Debug|x86.Build.0 = Debug|Win32
		{F63E78F9-9669-4E3A-A453-B2D6C778CD5A}.Release|Any CPU.ActiveCfg = Release|Win32
		{F63E78F9-9669-4E3A-A453-B2D6C778CD5A}.Release|x64.ActiveCfg = Release|x64
		{F63E78F9-9669-4E3A-A453-B2D6C778CD5A}.Release|x64.Build.0 = Release|x64
		{F63E78F9-9669-4E3A-A453-B2D6C778CD5A}.Release|x86.ActiveCfg = Release|Win32
		{F63E78F9-9669-4E3A-A453-B2D6C778CD5A}.Release|x86.Build.0 = Release|Win32
		{DCAF54A5-CF7B-4444-98AA-D9816520FAA1}.Debug|Any CPU.ActiveCfg = Debug|Win32
		{DCAF54A5-CF7B-4444-98AA-D9816520FAA1}.Debug|x64.ActiveCfg = Debug|x64
		{DCAF54A5-CF7B-4444-98AA-D9816520FAA1}.Debug|x64.Build.0 = Debug|x64
		{DCAF54A5-CF7B-4444-98AA-D9816520FAA1}.Debug|x86.ActiveCfg = Debug|Win32
		{DCAF54A5-CF7B-4444-98AA-D9816520FAA1}.Debug|x86.Build.0 = Debug|Win32
		{DCAF54A5-CF7B-4444-98AA-D9816520FAA1}.Release|Any CPU.ActiveCfg = Release|Win32
		{DCAF54A5-CF7B-4444-98AA-D9816520FAA1}.Release|x64.ActiveCfg = Release|x64
		{DCAF54A5-CF7B-4444-98AA-D9816520FAA1}.Release|x64.Build.0 = Release|x64
		{DCAF54A5-CF7B-4444-98AA-D9816520FAA1}.Release|x86.ActiveCfg = Release|Win32
		{DCAF54A5-CF7B-4444-98AA-D9816520FAA1}.Release|x86.Build.0 = Release|Win32
		{F1E40AAF-C138-45E8-8757-B92B6AEA3FF5}.Debug|Any CPU.ActiveCfg = Debug|Win32
		{F1E40AAF-C138-45E8-8757-B92B6AEA3FF5}.Debug|x64.ActiveCfg = Debug|x64
		{F1E40AAF-C138-45E8-8757-B92B6AEA3FF5}.Debug|x64.Build.0 = Debug|x64
		{F1E40AAF-C138-45E8-8757-B92B6AEA3FF5}.Debug|x86.ActiveCfg = Debug|Win32
		{F1E40AAF-C138-45E8-8757-B92B6AEA3FF5}.Debug|x86.Build.0 = Debug|Win32
		{F1E40AAF-C138-45E8-8757-B92B6AEA3FF5}.Release|Any CPU.ActiveCfg = Release|Win32
		{F1E40AAF-C138-45E8-8757-B92B6AEA3FF5}.Release|x64.ActiveCfg = Release|x64
		{F1E40AAF-C138-45E8-8757-B92B6AEA3FF5}.Release|x64.Build.0 = Release|x64
		{F1E40AAF-C138-45E8-8757-B92B6AEA3FF5}.Release|x86.ActiveCfg = Release|Win32
		{F1E40AAF-C138-45E8-8757-B92B6AEA3FF5}.Release|x86.Build.0 = Release|Win32
		{8EC8F68B-6A94-42EB-B580-FB3802B903C6}.Debug|Any CPU.ActiveCfg = Debug|Win32
		{8EC8F68B-6A94-42EB-B580-FB3802B903C6}.Debug|x64.ActiveCfg = Debug|x64
		{8EC8F68B-6A94-42EB-B580-FB3802B903C6}.Debug|x64.Build.0 = Debug|x64
		{8EC8F68B-6A94-42EB-B580-FB3802B903C6}.Debug|x86.ActiveCfg = Debug|Win32
		{8EC8F68B-6A94-42EB-B580-FB3802B903C6}.Debug|x86.Build.0 = Debug|Win32
		{8EC8F68B-6A94-42EB-B580-FB3802B903C6}.Release|Any CPU.ActiveCfg = Release|Win32
		{8EC8F68B-6A94-42EB-B580-FB3802B903C6}.Release|x64.ActiveCfg = Release|x64
		{8EC8F68B-6A94-42EB-B580-FB3802B903C6}.Release|x64.Build.0 = Release|x64
		{8EC8F68B-6A94-42EB-B580-FB3802B903C6}.Release|x86.ActiveCfg = Release|Win32
		{8EC8F68B-6A94-42EB-B580-FB3802B903C6}.Release|x86.Build.0 = Release|Win32
		{51A42B4E-372D-46A4-8727-591F679D0037}.Debug|Any CPU.ActiveCfg = Debug|Win32
		{51A42B4E-372D-46A4-8727-591F679D0037}.Debug|x64.ActiveCfg = Debug|x64
		{51A42B4E-372D-46A4-8727-591F679D0037}.Debug|x64.Build.0 = Debug|x64
		{51A42B4E-372D-46A4-8727-591F679D0037}.Debug|x86.ActiveCfg = Debug|Win32
		{51A42B4E-372D-46A4-8727-591F679D0037}.Debug|x86.Build.0 = Debug|Win32
		{51A42B4E-372D-46A4-8727-591F679D0037}.Release|Any CPU.ActiveCfg = Release|Win32
		{51A42B4E-372D-46A4-8727-591F679D0037}.Release|x64.ActiveCfg = Release|x64
		{51A42B4E-372D-46A4-8727-591F679D0037}.Release|x64.Build.0 = Release|x64
		{51A42B4E-372D-46A4-8727-591F679D0037}.Release|x86.ActiveCfg = Release|Win32
		{51A42B4E-372D-46A4-8727-591F679D0037}.Release|x86.Build.0 = Release|Win32
		{72ECC4E6-26DB-473A-8308-02D84C5996C4}.Debug|Any CPU.ActiveCfg = Debug|Win32
		{72ECC4E6-26DB-473A-8308-02D84C5996C4}.Debug|x64.ActiveCfg = Debug|x64
		{72ECC4E6-26DB-473A-8308-02D84C5996C4}.Debug|x64.Build.0 = Debug|x64
		{72ECC4E6-26DB-473A-8308-02D84C5996C4}.Debug|x86.ActiveCfg = Debug|Win32
		{72ECC4E6-26DB-473A-8308-02D84C5996C4}.Debug|x86.Build.0 = Debug|Win32
		{72ECC4E6-26DB-473A-8308-02D84C5996C4}.Release|Any CPU.ActiveCfg = Release|Win32
		{72ECC4E6-26DB-473A-8308-02D84C5996C4}.Release|x64.ActiveCfg = Release|x64
		{72ECC4E6-26DB-473A-8308-02D84C5996C4}.Release|x64.Build.0 = Release|x64
		{72ECC4E6-26DB-473A-8308-02D84C5996C4}.Release|x86.ActiveCfg = Release|Win32
		{72ECC4E6-26DB-473A-8308-02D84C5996C4}.Release|x86.Build.0 = Release|Win32
		{57B38290-EB2E-4F67-830C-3A166A9013B2}.Debug|Any CPU.ActiveCfg = Debug|Win32
		{57B38290-EB2E-4F67-830C-3A166A9013B2}.Debug|x64.ActiveCfg = Debug|x64
		{57B38290-EB2E-4F67-830C-3A166A9013B2}.Debug|x64.Build.0 = Debug|x64
		{57B38290-EB2E-4F67-830C-3A166A9013B2}.Debug|x86.ActiveCfg = Debug|Win32
		{57B38290-EB2E-4F67-830C-3A166A9013B2}.Debug|x86.Build.0 = Debug|Win32
		{57B38290-EB2E-4F67-830C-3A166A9013B2}.Release|Any CPU.ActiveCfg = Release|Win32
		{57B38290-EB2E-4F67-830C-3A166A9013B2}.Release|x64.ActiveCfg = Release|x64
		{57B38290-EB2E-4F67-830C-3A166A9013B2}.Release|x64.Build.0 = Release|x64
		{57B38290-EB2E-4F67-830C-3A166A9013B2}.Release|x86.ActiveCfg = Release|Win32
		{57B38290-EB2E-4F67-830C-3A166A9013B2}.Release|x86.Build.0 = Release|Win32
		{0C8F51BE-0DB5-437C-AA29-FDA3FB236597}.Debug|Any CPU.ActiveCfg = Debug|Win32
		{0C8F51BE-0DB5-437C-AA29-FDA3FB236597}.Debug|x64.ActiveCfg = Debug|x64
		{0C8F51BE-0DB5-437C-AA29-FDA3FB236597}.Debug|x64.Build.0 = Debug|x64
		{0C8F51BE-0DB5-437C-AA29-FDA3FB236597}.Debug|x86.ActiveCfg = Debug|Win32
		{0C8F51BE-0DB5-437C-AA29-FDA3FB236597}.Debug|x86.Build.0 = Debug|Win32
		{0C8F51BE-0DB5-437C-AA29-FDA3FB236597}.Release|Any CPU.ActiveCfg = Release|Win32
		{0C8F51BE-0DB5-437C-AA29-FDA3FB236597}.Release|x64.ActiveCfg = Release|x64
		{0C8F51BE-0DB5-437C-AA29-FDA3FB236597}.Release|x64.Build.0 = Release|x64
		{0C8F51BE-0DB5-437C-AA29-FDA3FB236597}.Release|x86.ActiveCfg = Release|Win32
		{0C8F51BE-0DB5-437C-AA29-FDA3FB236597}.Release|x86.Build.0 = Release|Win32
		{186A4D50-977B-44D1-8C6B-B6CB55CE1881}.Debug|Any CPU.ActiveCfg = Debug|Win32
		{186A4D50-977B-44D1-8C6B-B6CB55CE1881}.Debug|x64.ActiveCfg = Debug|x64
		{186A4D50-977B-44D1-8C6B-B6CB55CE1881}.Debug|x64.Build.0 = Debug|x64
		{186A4D50-977B-44D1-8C6B-B6CB55CE1881}.Debug|x86.ActiveCfg = Debug|Win32
		{186A4D50-977B-44D1-8C6B-B6CB55CE1881}.Debug|x86.Build.0 = Debug|Win32
		{186A4D50-977B-44D1-8C6B-B6CB55CE1881}.Release|Any CPU.ActiveCfg = Release|Win32
		{186A4D50-977B-44D1-8C6B-B6CB55CE1881}.Release|x64.ActiveCfg = Release|x64
		{186A4D50-977B-44D1-8C6B-B6CB55CE1881}.Release|x64.Build.0 = Release|x64
		{186A4D50-977B-44D1-8C6B-B6CB55CE1881}.Release|x86.ActiveCfg = Release|Win32
		{186A4D50-977B-44D1-8C6B-B6CB55CE1881}.Release|x86.Build.0 = Release|Win32
		{CFC35B67-3A4F-4C65-887A-4D2A0729689B}.Debug|Any CPU.ActiveCfg = Debug|Win32
		{CFC35B67-3A4F-4C65-887A-4D2A0729689B}.Debug|x64.ActiveCfg = Debug|x64
		{CFC35B67-3A4F-4C65-887A-4D2A0729689B}.Debug|x64.Build.0 = Debug|x64
		{CFC35B67-3A4F-4C65-887A-4D2A0729689B}.Debug|x86.ActiveCfg = Debug|Win32
		{CFC35B67-3A4F-4C65-887A-4D2A0729689B}.Debug|x86.Build.0 = Debug|Win32
		{CFC35B67-3A4F-4C65-887A-4D2A0729689B}.Release|Any CPU.ActiveCfg = Release|Win32
		{CFC35B67-3A4F-4C65-887A-4D2A0729689B}.Release|x64.ActiveCfg = Release|x64
		{CFC35B67-3A4F-4C65-887A-4D2A0729689B}.Release|x64.Build.0 = Release|x64
		{CFC35B67-3A4F-4C65-887A-4D2A0729689B}.Release|x86.ActiveCfg = Release|Win32
		{CFC35B67-3A4F-4C65-887A-4D2A0729689B}.Release|x86.Build.0 = Release|Win32
		{563C8B18-1B3D-4E10-9831-03AD76923B7D}.Debug|Any CPU.ActiveCfg = Debug|Win32
		{563C8B18-1B3D-4E10-9831-03AD76923B7D}.Debug|x64.ActiveCfg = Debug|x64
		{563C8B18-1B3D-4E10-9831-03AD76923B7D}.Debug|x64.Build.0 = Debug|x64
		{563C8B18-1B3D-4E10-9831-03AD76923B7D}.Debug|x86.ActiveCfg = Debug|Win32
		{563C8B18-1B3D-4E10-9831-03AD76923B7D}.Debug|x86.Build.0 = Debug|Win32
		{563C8B18-1B3D-4E10-9831-03AD76923B7D}.Release|Any CPU.ActiveCfg = Release|Win32
		{563C8B18-1B3D-4E10-9831-03AD76923B7D}.Release|x64.ActiveCfg = Release|x64
		{563C8B18-1B3D-4E10-9831-03AD76923B7D}.Release|x64.Build.0 = Release|x64
		{563C8B18-1B3D-4E10-9831-03AD76923B7D}.Release|x86.ActiveCfg = Release|Win32
		{563C8B18-1B3D-4E10-9831-03AD76923B7D}.Release|x86.Build.0 = Release|Win32
	EndGlobalSection
	GlobalSection(SolutionProperties) = preSolution
		HideSolutionNode = FALSE
	EndGlobalSection
	GlobalSection(ExtensibilityGlobals) = postSolution
		SolutionGuid = {B26D745F-9F7A-4970-BAD1-BD288E7173CE}
	EndGlobalSection
EndGlobal
